
Microsoft Visual Studio Solution File, Format Version 12.00
# Visual Studio Version 17
VisualStudioVersion = 17.1.32421.90
MinimumVisualStudioVersion = 10.0.40219.1
Project("{FAE04EC0-301F-11D3-BF4B-00C04F79EFBC}") = "P2PCentral", "P2PCentral\P2PCentral.csproj", "{1D953DE0-AFA6-4D7D-AD42-81EEEB8B0159}"
EndProject
Global
	GlobalSection(SolutionConfigurationPlatforms) = preSolution
		Debug|Any CPU = Debug|Any CPU
		Release|Any CPU = Release|Any CPU
	EndGlobalSection
	GlobalSection(ProjectConfigurationPlatforms) = postSolution
		{1D953DE0-AFA6-4D7D-AD42-81EEEB8B0159}.Debug|Any CPU.ActiveCfg = Debug|Any CPU
		{1D953DE0-AFA6-4D7D-AD42-81EEEB8B0159}.Debug|Any CPU.Build.0 = Debug|Any CPU
		{1D953DE0-AFA6-4D7D-AD42-81EEEB8B0159}.Release|Any CPU.ActiveCfg = Release|Any CPU
		{1D953DE0-AFA6-4D7D-AD42-81EEEB8B0159}.Release|Any CPU.Build.0 = Release|Any CPU
	EndGlobalSection
	GlobalSection(SolutionProperties) = preSolution
		HideSolutionNode = FALSE
	EndGlobalSection
	GlobalSection(ExtensibilityGlobals) = postSolution
		SolutionGuid = {39B70DE5-FFBB-4EF2-8964-3008E6B190B1}
	EndGlobalSection
EndGlobal
